// !$*UTF8*$!
{
	archiveVersion = 1;
	classes = {
	};
	objectVersion = 55;
	objects = {

/* Begin PBXBuildFile section */
		EB50F37A285C773600B8EBFA /* Tests_iOS.swift in Sources */ = {isa = PBXBuildFile; fileRef = EB50F379285C773600B8EBFA /* Tests_iOS.swift */; };
		EB50F37C285C773600B8EBFA /* Tests_iOSLaunchTests.swift in Sources */ = {isa = PBXBuildFile; fileRef = EB50F37B285C773600B8EBFA /* Tests_iOSLaunchTests.swift */; };
		EB50F386285C773600B8EBFA /* Tests_macOS.swift in Sources */ = {isa = PBXBuildFile; fileRef = EB50F385285C773600B8EBFA /* Tests_macOS.swift */; };
		EB50F388285C773600B8EBFA /* Tests_macOSLaunchTests.swift in Sources */ = {isa = PBXBuildFile; fileRef = EB50F387285C773600B8EBFA /* Tests_macOSLaunchTests.swift */; };
		EB50F389285C773600B8EBFA /* tic_tac_toeApp.swift in Sources */ = {isa = PBXBuildFile; fileRef = EB50F361285C773100B8EBFA /* tic_tac_toeApp.swift */; };
		EB50F38A285C773600B8EBFA /* tic_tac_toeApp.swift in Sources */ = {isa = PBXBuildFile; fileRef = EB50F361285C773100B8EBFA /* tic_tac_toeApp.swift */; };
		EB50F38B285C773600B8EBFA /* ContentView.swift in Sources */ = {isa = PBXBuildFile; fileRef = EB50F362285C773100B8EBFA /* ContentView.swift */; };
		EB50F38C285C773600B8EBFA /* ContentView.swift in Sources */ = {isa = PBXBuildFile; fileRef = EB50F362285C773100B8EBFA /* ContentView.swift */; };
		EB50F38D285C773600B8EBFA /* Assets.xcassets in Resources */ = {isa = PBXBuildFile; fileRef = EB50F363285C773600B8EBFA /* Assets.xcassets */; };
		EB50F38E285C773600B8EBFA /* Assets.xcassets in Resources */ = {isa = PBXBuildFile; fileRef = EB50F363285C773600B8EBFA /* Assets.xcassets */; };
/* End PBXBuildFile section */

/* Begin PBXContainerItemProxy section */
		EB50F376285C773600B8EBFA /* PBXContainerItemProxy */ = {
			isa = PBXContainerItemProxy;
			containerPortal = EB50F35C285C773100B8EBFA /* Project object */;
			proxyType = 1;
			remoteGlobalIDString = EB50F367285C773600B8EBFA;
			remoteInfo = "tic tac toe (iOS)";
		};
		EB50F382285C773600B8EBFA /* PBXContainerItemProxy */ = {
			isa = PBXContainerItemProxy;
			containerPortal = EB50F35C285C773100B8EBFA /* Project object */;
			proxyType = 1;
			remoteGlobalIDString = EB50F36D285C773600B8EBFA;
			remoteInfo = "tic tac toe (macOS)";
		};
/* End PBXContainerItemProxy section */

/* Begin PBXFileReference section */
		EB50F361285C773100B8EBFA /* tic_tac_toeApp.swift */ = {isa = PBXFileReference; lastKnownFileType = sourcecode.swift; path = tic_tac_toeApp.swift; sourceTree = "<group>"; };
		EB50F362285C773100B8EBFA /* ContentView.swift */ = {isa = PBXFileReference; lastKnownFileType = sourcecode.swift; path = ContentView.swift; sourceTree = "<group>"; };
		EB50F363285C773600B8EBFA /* Assets.xcassets */ = {isa = PBXFileReference; lastKnownFileType = folder.assetcatalog; path = Assets.xcassets; sourceTree = "<group>"; };
		EB50F368285C773600B8EBFA /* tic tac toe.app */ = {isa = PBXFileReference; explicitFileType = wrapper.application; includeInIndex = 0; path = "tic tac toe.app"; sourceTree = BUILT_PRODUCTS_DIR; };
		EB50F36E285C773600B8EBFA /* tic tac toe.app */ = {isa = PBXFileReference; explicitFileType = wrapper.application; includeInIndex = 0; path = "tic tac toe.app"; sourceTree = BUILT_PRODUCTS_DIR; };
		EB50F370285C773600B8EBFA /* macOS.entitlements */ = {isa = PBXFileReference; lastKnownFileType = text.plist.entitlements; path = macOS.entitlements; sourceTree = "<group>"; };
		EB50F375285C773600B8EBFA /* Tests iOS.xctest */ = {isa = PBXFileReference; explicitFileType = wrapper.cfbundle; includeInIndex = 0; path = "Tests iOS.xctest"; sourceTree = BUILT_PRODUCTS_DIR; };
		EB50F379285C773600B8EBFA /* Tests_iOS.swift */ = {isa = PBXFileReference; lastKnownFileType = sourcecode.swift; path = Tests_iOS.swift; sourceTree = "<group>"; };
		EB50F37B285C773600B8EBFA /* Tests_iOSLaunchTests.swift */ = {isa = PBXFileReference; lastKnownFileType = sourcecode.swift; path = Tests_iOSLaunchTests.swift; sourceTree = "<group>"; };
		EB50F381285C773600B8EBFA /* Tests macOS.xctest */ = {isa = PBXFileReference; explicitFileType = wrapper.cfbundle; includeInIndex = 0; path = "Tests macOS.xctest"; sourceTree = BUILT_PRODUCTS_DIR; };
		EB50F385285C773600B8EBFA /* Tests_macOS.swift */ = {isa = PBXFileReference; lastKnownFileType = sourcecode.swift; path = Tests_macOS.swift; sourceTree = "<group>"; };
		EB50F387285C773600B8EBFA /* Tests_macOSLaunchTests.swift */ = {isa = PBXFileReference; lastKnownFileType = sourcecode.swift; path = Tests_macOSLaunchTests.swift; sourceTree = "<group>"; };
/* End PBXFileReference section */

/* Begin PBXFrameworksBuildPhase section */
		EB50F365285C773600B8EBFA /* Frameworks */ = {
			isa = PBXFrameworksBuildPhase;
			buildActionMask = 2147483647;
			files = (
			);
			runOnlyForDeploymentPostprocessing = 0;
		};
		EB50F36B285C773600B8EBFA /* Frameworks */ = {
			isa = PBXFrameworksBuildPhase;
			buildActionMask = 2147483647;
			files = (
			);
			runOnlyForDeploymentPostprocessing = 0;
		};
		EB50F372285C773600B8EBFA /* Frameworks */ = {
			isa = PBXFrameworksBuildPhase;
			buildActionMask = 2147483647;
			files = (
			);
			runOnlyForDeploymentPostprocessing = 0;
		};
		EB50F37E285C773600B8EBFA /* Frameworks */ = {
			isa = PBXFrameworksBuildPhase;
			buildActionMask = 2147483647;
			files = (
			);
			runOnlyForDeploymentPostprocessing = 0;
		};
/* End PBXFrameworksBuildPhase section */

/* Begin PBXGroup section */
		EB50F35B285C773100B8EBFA = {
			isa = PBXGroup;
			children = (
				EB50F360285C773100B8EBFA /* Shared */,
				EB50F36F285C773600B8EBFA /* macOS */,
				EB50F378285C773600B8EBFA /* Tests iOS */,
				EB50F384285C773600B8EBFA /* Tests macOS */,
				EB50F369285C773600B8EBFA /* Products */,
			);
			sourceTree = "<group>";
		};
		EB50F360285C773100B8EBFA /* Shared */ = {
			isa = PBXGroup;
			children = (
				EB50F361285C773100B8EBFA /* tic_tac_toeApp.swift */,
				EB50F362285C773100B8EBFA /* ContentView.swift */,
				EB50F363285C773600B8EBFA /* Assets.xcassets */,
			);
			path = Shared;
			sourceTree = "<group>";
		};
		EB50F369285C773600B8EBFA /* Products */ = {
			isa = PBXGroup;
			children = (
				EB50F368285C773600B8EBFA /* tic tac toe.app */,
				EB50F36E285C773600B8EBFA /* tic tac toe.app */,
				EB50F375285C773600B8EBFA /* Tests iOS.xctest */,
				EB50F381285C773600B8EBFA /* Tests macOS.xctest */,
			);
			name = Products;
			sourceTree = "<group>";
		};
		EB50F36F285C773600B8EBFA /* macOS */ = {
			isa = PBXGroup;
			children = (
				EB50F370285C773600B8EBFA /* macOS.entitlements */,
			);
			path = macOS;
			sourceTree = "<group>";
		};
		EB50F378285C773600B8EBFA /* Tests iOS */ = {
			isa = PBXGroup;
			children = (
				EB50F379285C773600B8EBFA /* Tests_iOS.swift */,
				EB50F37B285C773600B8EBFA /* Tests_iOSLaunchTests.swift */,
			);
			path = "Tests iOS";
			sourceTree = "<group>";
		};
		EB50F384285C773600B8EBFA /* Tests macOS */ = {
			isa = PBXGroup;
			children = (
				EB50F385285C773600B8EBFA /* Tests_macOS.swift */,
				EB50F387285C773600B8EBFA /* Tests_macOSLaunchTests.swift */,
			);
			path = "Tests macOS";
			sourceTree = "<group>";
		};
/* End PBXGroup section */

/* Begin PBXNativeTarget section */
		EB50F367285C773600B8EBFA /* tic tac toe (iOS) */ = {
			isa = PBXNativeTarget;
			buildConfigurationList = EB50F391285C773600B8EBFA /* Build configuration list for PBXNativeTarget "tic tac toe (iOS)" */;
			buildPhases = (
				EB50F364285C773600B8EBFA /* Sources */,
				EB50F365285C773600B8EBFA /* Frameworks */,
				EB50F366285C773600B8EBFA /* Resources */,
			);
			buildRules = (
			);
			dependencies = (
			);
			name = "tic tac toe (iOS)";
			productName = "tic tac toe (iOS)";
			productReference = EB50F368285C773600B8EBFA /* tic tac toe.app */;
			productType = "com.apple.product-type.application";
		};
		EB50F36D285C773600B8EBFA /* tic tac toe (macOS) */ = {
			isa = PBXNativeTarget;
			buildConfigurationList = EB50F394285C773600B8EBFA /* Build configuration list for PBXNativeTarget "tic tac toe (macOS)" */;
			buildPhases = (
				EB50F36A285C773600B8EBFA /* Sources */,
				EB50F36B285C773600B8EBFA /* Frameworks */,
				EB50F36C285C773600B8EBFA /* Resources */,
			);
			buildRules = (
			);
			dependencies = (
			);
			name = "tic tac toe (macOS)";
			productName = "tic tac toe (macOS)";
			productReference = EB50F36E285C773600B8EBFA /* tic tac toe.app */;
			productType = "com.apple.product-type.application";
		};
		EB50F374285C773600B8EBFA /* Tests iOS */ = {
			isa = PBXNativeTarget;
			buildConfigurationList = EB50F397285C773600B8EBFA /* Build configuration list for PBXNativeTarget "Tests iOS" */;
			buildPhases = (
				EB50F371285C773600B8EBFA /* Sources */,
				EB50F372285C773600B8EBFA /* Frameworks */,
				EB50F373285C773600B8EBFA /* Resources */,
			);
			buildRules = (
			);
			dependencies = (
				EB50F377285C773600B8EBFA /* PBXTargetDependency */,
			);
			name = "Tests iOS";
			productName = "Tests iOS";
			productReference = EB50F375285C773600B8EBFA /* Tests iOS.xctest */;
			productType = "com.apple.product-type.bundle.ui-testing";
		};
		EB50F380285C773600B8EBFA /* Tests macOS */ = {
			isa = PBXNativeTarget;
			buildConfigurationList = EB50F39A285C773600B8EBFA /* Build configuration list for PBXNativeTarget "Tests macOS" */;
			buildPhases = (
				EB50F37D285C773600B8EBFA /* Sources */,
				EB50F37E285C773600B8EBFA /* Frameworks */,
				EB50F37F285C773600B8EBFA /* Resources */,
			);
			buildRules = (
			);
			dependencies = (
				EB50F383285C773600B8EBFA /* PBXTargetDependency */,
			);
			name = "Tests macOS";
			productName = "Tests macOS";
			productReference = EB50F381285C773600B8EBFA /* Tests macOS.xctest */;
			productType = "com.apple.product-type.bundle.ui-testing";
		};
/* End PBXNativeTarget section */

/* Begin PBXProject section */
		EB50F35C285C773100B8EBFA /* Project object */ = {
			isa = PBXProject;
			attributes = {
				BuildIndependentTargetsInParallel = 1;
				LastSwiftUpdateCheck = 1340;
				LastUpgradeCheck = 1340;
				TargetAttributes = {
					EB50F367285C773600B8EBFA = {
						CreatedOnToolsVersion = 13.4.1;
					};
					EB50F36D285C773600B8EBFA = {
						CreatedOnToolsVersion = 13.4.1;
					};
					EB50F374285C773600B8EBFA = {
						CreatedOnToolsVersion = 13.4.1;
						TestTargetID = EB50F367285C773600B8EBFA;
					};
					EB50F380285C773600B8EBFA = {
						CreatedOnToolsVersion = 13.4.1;
						TestTargetID = EB50F36D285C773600B8EBFA;
					};
				};
			};
			buildConfigurationList = EB50F35F285C773100B8EBFA /* Build configuration list for PBXProject "tic tac toe" */;
			compatibilityVersion = "Xcode 13.0";
			developmentRegion = en;
			hasScannedForEncodings = 0;
			knownRegions = (
				en,
				Base,
			);
			mainGroup = EB50F35B285C773100B8EBFA;
			productRefGroup = EB50F369285C773600B8EBFA /* Products */;
			projectDirPath = "";
			projectRoot = "";
			targets = (
				EB50F367285C773600B8EBFA /* tic tac toe (iOS) */,
				EB50F36D285C773600B8EBFA /* tic tac toe (macOS) */,
				EB50F374285C773600B8EBFA /* Tests iOS */,
				EB50F380285C773600B8EBFA /* Tests macOS */,
			);
		};
/* End PBXProject section */

/* Begin PBXResourcesBuildPhase section */
		EB50F366285C773600B8EBFA /* Resources */ = {
			isa = PBXResourcesBuildPhase;
			buildActionMask = 2147483647;
			files = (
				EB50F38D285C773600B8EBFA /* Assets.xcassets in Resources */,
			);
			runOnlyForDeploymentPostprocessing = 0;
		};
		EB50F36C285C773600B8EBFA /* Resources */ = {
			isa = PBXResourcesBuildPhase;
			buildActionMask = 2147483647;
			files = (
				EB50F38E285C773600B8EBFA /* Assets.xcassets in Resources */,
			);
			runOnlyForDeploymentPostprocessing = 0;
		};
		EB50F373285C773600B8EBFA /* Resources */ = {
			isa = PBXResourcesBuildPhase;
			buildActionMask = 2147483647;
			files = (
			);
			runOnlyForDeploymentPostprocessing = 0;
		};
		EB50F37F285C773600B8EBFA /* Resources */ = {
			isa = PBXResourcesBuildPhase;
			buildActionMask = 2147483647;
			files = (
			);
			runOnlyForDeploymentPostprocessing = 0;
		};
/* End PBXResourcesBuildPhase section */

/* Begin PBXSourcesBuildPhase section */
		EB50F364285C773600B8EBFA /* Sources */ = {
			isa = PBXSourcesBuildPhase;
			buildActionMask = 2147483647;
			files = (
				EB50F38B285C773600B8EBFA /* ContentView.swift in Sources */,
				EB50F389285C773600B8EBFA /* tic_tac_toeApp.swift in Sources */,
			);
			runOnlyForDeploymentPostprocessing = 0;
		};
		EB50F36A285C773600B8EBFA /* Sources */ = {
			isa = PBXSourcesBuildPhase;
			buildActionMask = 2147483647;
			files = (
				EB50F38C285C773600B8EBFA /* ContentView.swift in Sources */,
				EB50F38A285C773600B8EBFA /* tic_tac_toeApp.swift in Sources */,
			);
			runOnlyForDeploymentPostprocessing = 0;
		};
		EB50F371285C773600B8EBFA /* Sources */ = {
			isa = PBXSourcesBuildPhase;
			buildActionMask = 2147483647;
			files = (
				EB50F37C285C773600B8EBFA /* Tests_iOSLaunchTests.swift in Sources */,
				EB50F37A285C773600B8EBFA /* Tests_iOS.swift in Sources */,
			);
			runOnlyForDeploymentPostprocessing = 0;
		};
		EB50F37D285C773600B8EBFA /* Sources */ = {
			isa = PBXSourcesBuildPhase;
			buildActionMask = 2147483647;
			files = (
				EB50F388285C773600B8EBFA /* Tests_macOSLaunchTests.swift in Sources */,
				EB50F386285C773600B8EBFA /* Tests_macOS.swift in Sources */,
			);
			runOnlyForDeploymentPostprocessing = 0;
		};
/* End PBXSourcesBuildPhase section */

/* Begin PBXTargetDependency section */
		EB50F377285C773600B8EBFA /* PBXTargetDependency */ = {
			isa = PBXTargetDependency;
			target = EB50F367285C773600B8EBFA /* tic tac toe (iOS) */;
			targetProxy = EB50F376285C773600B8EBFA /* PBXContainerItemProxy */;
		};
		EB50F383285C773600B8EBFA /* PBXTargetDependency */ = {
			isa = PBXTargetDependency;
			target = EB50F36D285C773600B8EBFA /* tic tac toe (macOS) */;
			targetProxy = EB50F382285C773600B8EBFA /* PBXContainerItemProxy */;
		};
/* End PBXTargetDependency section */

/* Begin XCBuildConfiguration section */
		EB50F38F285C773600B8EBFA /* Debug */ = {
			isa = XCBuildConfiguration;
			buildSettings = {
				ALWAYS_SEARCH_USER_PATHS = NO;
				CLANG_ANALYZER_NONNULL = YES;
				CLANG_ANALYZER_NUMBER_OBJECT_CONVERSION = YES_AGGRESSIVE;
				CLANG_CXX_LANGUAGE_STANDARD = "gnu++17";
				CLANG_ENABLE_MODULES = YES;
				CLANG_ENABLE_OBJC_ARC = YES;
				CLANG_ENABLE_OBJC_WEAK = YES;
				CLANG_WARN_BLOCK_CAPTURE_AUTORELEASING = YES;
				CLANG_WARN_BOOL_CONVERSION = YES;
				CLANG_WARN_COMMA = YES;
				CLANG_WARN_CONSTANT_CONVERSION = YES;
				CLANG_WARN_DEPRECATED_OBJC_IMPLEMENTATIONS = YES;
				CLANG_WARN_DIRECT_OBJC_ISA_USAGE = YES_ERROR;
				CLANG_WARN_DOCUMENTATION_COMMENTS = YES;
				CLANG_WARN_EMPTY_BODY = YES;
				CLANG_WARN_ENUM_CONVERSION = YES;
				CLANG_WARN_INFINITE_RECURSION = YES;
				CLANG_WARN_INT_CONVERSION = YES;
				CLANG_WARN_NON_LITERAL_NULL_CONVERSION = YES;
				CLANG_WARN_OBJC_IMPLICIT_RETAIN_SELF = YES;
				CLANG_WARN_OBJC_LITERAL_CONVERSION = YES;
				CLANG_WARN_OBJC_ROOT_CLASS = YES_ERROR;
				CLANG_WARN_QUOTED_INCLUDE_IN_FRAMEWORK_HEADER = YES;
				CLANG_WARN_RANGE_LOOP_ANALYSIS = YES;
				CLANG_WARN_STRICT_PROTOTYPES = YES;
				CLANG_WARN_SUSPICIOUS_MOVE = YES;
				CLANG_WARN_UNGUARDED_AVAILABILITY = YES_AGGRESSIVE;
				CLANG_WARN_UNREACHABLE_CODE = YES;
				CLANG_WARN__DUPLICATE_METHOD_MATCH = YES;
				COPY_PHASE_STRIP = NO;
				DEBUG_INFORMATION_FORMAT = dwarf;
				ENABLE_STRICT_OBJC_MSGSEND = YES;
				ENABLE_TESTABILITY = YES;
				GCC_C_LANGUAGE_STANDARD = gnu11;
				GCC_DYNAMIC_NO_PIC = NO;
				GCC_NO_COMMON_BLOCKS = YES;
				GCC_OPTIMIZATION_LEVEL = 0;
				GCC_PREPROCESSOR_DEFINITIONS = (
					"DEBUG=1",
					"$(inherited)",
				);
				GCC_WARN_64_TO_32_BIT_CONVERSION = YES;
				GCC_WARN_ABOUT_RETURN_TYPE = YES_ERROR;
				GCC_WARN_UNDECLARED_SELECTOR = YES;
				GCC_WARN_UNINITIALIZED_AUTOS = YES_AGGRESSIVE;
				GCC_WARN_UNUSED_FUNCTION = YES;
				GCC_WARN_UNUSED_VARIABLE = YES;
				MTL_ENABLE_DEBUG_INFO = INCLUDE_SOURCE;
				MTL_FAST_MATH = YES;
				ONLY_ACTIVE_ARCH = YES;
				SWIFT_ACTIVE_COMPILATION_CONDITIONS = DEBUG;
				SWIFT_OPTIMIZATION_LEVEL = "-Onone";
			};
			name = Debug;
		};
		EB50F390285C773600B8EBFA /* Release */ = {
			isa = XCBuildConfiguration;
			buildSettings = {
				ALWAYS_SEARCH_USER_PATHS = NO;
				CLANG_ANALYZER_NONNULL = YES;
				CLANG_ANALYZER_NUMBER_OBJECT_CONVERSION = YES_AGGRESSIVE;
				CLANG_CXX_LANGUAGE_STANDARD = "gnu++17";
				CLANG_ENABLE_MODULES = YES;
				CLANG_ENABLE_OBJC_ARC = YES;
				CLANG_ENABLE_OBJC_WEAK = YES;
				CLANG_WARN_BLOCK_CAPTURE_AUTORELEASING = YES;
				CLANG_WARN_BOOL_CONVERSION = YES;
				CLANG_WARN_COMMA = YES;
				CLANG_WARN_CONSTANT_CONVERSION = YES;
				CLANG_WARN_DEPRECATED_OBJC_IMPLEMENTATIONS = YES;
				CLANG_WARN_DIRECT_OBJC_ISA_USAGE = YES_ERROR;
				CLANG_WARN_DOCUMENTATION_COMMENTS = YES;
				CLANG_WARN_EMPTY_BODY = YES;
				CLANG_WARN_ENUM_CONVERSION = YES;
				CLANG_WARN_INFINITE_RECURSION = YES;
				CLANG_WARN_INT_CONVERSION = YES;
				CLANG_WARN_NON_LITERAL_NULL_CONVERSION = YES;
				CLANG_WARN_OBJC_IMPLICIT_RETAIN_SELF = YES;
				CLANG_WARN_OBJC_LITERAL_CONVERSION = YES;
				CLANG_WARN_OBJC_ROOT_CLASS = YES_ERROR;
				CLANG_WARN_QUOTED_INCLUDE_IN_FRAMEWORK_HEADER = YES;
				CLANG_WARN_RANGE_LOOP_ANALYSIS = YES;
				CLANG_WARN_STRICT_PROTOTYPES = YES;
				CLANG_WARN_SUSPICIOUS_MOVE = YES;
				CLANG_WARN_UNGUARDED_AVAILABILITY = YES_AGGRESSIVE;
				CLANG_WARN_UNREACHABLE_CODE = YES;
				CLANG_WARN__DUPLICATE_METHOD_MATCH = YES;
				COPY_PHASE_STRIP = NO;
				DEBUG_INFORMATION_FORMAT = "dwarf-with-dsym";
				ENABLE_NS_ASSERTIONS = NO;
				ENABLE_STRICT_OBJC_MSGSEND = YES;
				GCC_C_LANGUAGE_STANDARD = gnu11;
				GCC_NO_COMMON_BLOCKS = YES;
				GCC_WARN_64_TO_32_BIT_CONVERSION = YES;
				GCC_WARN_ABOUT_RETURN_TYPE = YES_ERROR;
				GCC_WARN_UNDECLARED_SELECTOR = YES;
				GCC_WARN_UNINITIALIZED_AUTOS = YES_AGGRESSIVE;
				GCC_WARN_UNUSED_FUNCTION = YES;
				GCC_WARN_UNUSED_VARIABLE = YES;
				MTL_ENABLE_DEBUG_INFO = NO;
				MTL_FAST_MATH = YES;
				SWIFT_COMPILATION_MODE = wholemodule;
				SWIFT_OPTIMIZATION_LEVEL = "-O";
			};
			name = Release;
		};
		EB50F392285C773600B8EBFA /* Debug */ = {
			isa = XCBuildConfiguration;
			buildSettings = {
				ASSETCATALOG_COMPILER_APPICON_NAME = AppIcon;
				ASSETCATALOG_COMPILER_GLOBAL_ACCENT_COLOR_NAME = AccentColor;
				CODE_SIGN_STYLE = Automatic;
				CURRENT_PROJECT_VERSION = 1;
				ENABLE_PREVIEWS = YES;
				GENERATE_INFOPLIST_FILE = YES;
				INFOPLIST_KEY_UIApplicationSceneManifest_Generation = YES;
				INFOPLIST_KEY_UIApplicationSupportsIndirectInputEvents = YES;
				INFOPLIST_KEY_UILaunchScreen_Generation = YES;
				INFOPLIST_KEY_UISupportedInterfaceOrientations_iPad = "UIInterfaceOrientationPortrait UIInterfaceOrientationPortraitUpsideDown UIInterfaceOrientationLandscapeLeft UIInterfaceOrientationLandscapeRight";
				INFOPLIST_KEY_UISupportedInterfaceOrientations_iPhone = "UIInterfaceOrientationPortrait UIInterfaceOrientationLandscapeLeft UIInterfaceOrientationLandscapeRight";
				IPHONEOS_DEPLOYMENT_TARGET = 15.5;
				LD_RUNPATH_SEARCH_PATHS = (
					"$(inherited)",
					"@executable_path/Frameworks",
				);
				MARKETING_VERSION = 1.0;
				PRODUCT_BUNDLE_IDENTIFIER = "h.tic-tac-toe";
				PRODUCT_NAME = "tic tac toe";
				SDKROOT = iphoneos;
				SWIFT_EMIT_LOC_STRINGS = YES;
				SWIFT_VERSION = 5.0;
				TARGETED_DEVICE_FAMILY = "1,2";
			};
			name = Debug;
		};
		EB50F393285C773600B8EBFA /* Release */ = {
			isa = XCBuildConfiguration;
			buildSettings = {
				ASSETCATALOG_COMPILER_APPICON_NAME = AppIcon;
				ASSETCATALOG_COMPILER_GLOBAL_ACCENT_COLOR_NAME = AccentColor;
				CODE_SIGN_STYLE = Automatic;
				CURRENT_PROJECT_VERSION = 1;
				ENABLE_PREVIEWS = YES;
				GENERATE_INFOPLIST_FILE = YES;
				INFOPLIST_KEY_UIApplicationSceneManifest_Generation = YES;
				INFOPLIST_KEY_UIApplicationSupportsIndirectInputEvents = YES;
				INFOPLIST_KEY_UILaunchScreen_Generation = YES;
				INFOPLIST_KEY_UISupportedInterfaceOrientations_iPad = "UIInterfaceOrientationPortrait UIInterfaceOrientationPortraitUpsideDown UIInterfaceOrientationLandscapeLeft UIInterfaceOrientationLandscapeRight";
				INFOPLIST_KEY_UISupportedInterfaceOrientations_iPhone = "UIInterfaceOrientationPortrait UIInterfaceOrientationLandscapeLeft UIInterfaceOrientationLandscapeRight";
				IPHONEOS_DEPLOYMENT_TARGET = 15.5;
				LD_RUNPATH_SEARCH_PATHS = (
					"$(inherited)",
					"@executable_path/Frameworks",
				);
				MARKETING_VERSION = 1.0;
				PRODUCT_BUNDLE_IDENTIFIER = "h.tic-tac-toe";
				PRODUCT_NAME = "tic tac toe";
				SDKROOT = iphoneos;
				SWIFT_EMIT_LOC_STRINGS = YES;
				SWIFT_VERSION = 5.0;
				TARGETED_DEVICE_FAMILY = "1,2";
				VALIDATE_PRODUCT = YES;
			};
			name = Release;
		};
		EB50F395285C773600B8EBFA /* Debug */ = {
			isa = XCBuildConfiguration;
			buildSettings = {
				ASSETCATALOG_COMPILER_APPICON_NAME = AppIcon;
				ASSETCATALOG_COMPILER_GLOBAL_ACCENT_COLOR_NAME = AccentColor;
				CODE_SIGN_ENTITLEMENTS = macOS/macOS.entitlements;
				CODE_SIGN_STYLE = Automatic;
				COMBINE_HIDPI_IMAGES = YES;
				CURRENT_PROJECT_VERSION = 1;
				ENABLE_PREVIEWS = YES;
				GENERATE_INFOPLIST_FILE = YES;
				INFOPLIST_KEY_NSHumanReadableCopyright = "";
				LD_RUNPATH_SEARCH_PATHS = (
					"$(inherited)",
					"@executable_path/../Frameworks",
				);
				MACOSX_DEPLOYMENT_TARGET = 12.1;
				MARKETING_VERSION = 1.0;
				PRODUCT_BUNDLE_IDENTIFIER = "h.tic-tac-toe";
				PRODUCT_NAME = "tic tac toe";
				SDKROOT = macosx;
				SWIFT_EMIT_LOC_STRINGS = YES;
				SWIFT_VERSION = 5.0;
			};
			name = Debug;
		};
		EB50F396285C773600B8EBFA /* Release */ = {
			isa = XCBuildConfiguration;
			buildSettings = {
				ASSETCATALOG_COMPILER_APPICON_NAME = AppIcon;
				ASSETCATALOG_COMPILER_GLOBAL_ACCENT_COLOR_NAME = AccentColor;
				CODE_SIGN_ENTITLEMENTS = macOS/macOS.entitlements;
				CODE_SIGN_STYLE = Automatic;
				COMBINE_HIDPI_IMAGES = YES;
				CURRENT_PROJECT_VERSION = 1;
				ENABLE_PREVIEWS = YES;
				GENERATE_INFOPLIST_FILE = YES;
				INFOPLIST_KEY_NSHumanReadableCopyright = "";
				LD_RUNPATH_SEARCH_PATHS = (
					"$(inherited)",
					"@executable_path/../Frameworks",
				);
				MACOSX_DEPLOYMENT_TARGET = 12.1;
				MARKETING_VERSION = 1.0;
				PRODUCT_BUNDLE_IDENTIFIER = "h.tic-tac-toe";
				PRODUCT_NAME = "tic tac toe";
				SDKROOT = macosx;
				SWIFT_EMIT_LOC_STRINGS = YES;
				SWIFT_VERSION = 5.0;
			};
			name = Release;
		};
		EB50F398285C773600B8EBFA /* Debug */ = {
			isa = XCBuildConfiguration;
			buildSettings = {
				ALWAYS_EMBED_SWIFT_STANDARD_LIBRARIES = YES;
				CODE_SIGN_STYLE = Automatic;
				CURRENT_PROJECT_VERSION = 1;
				GENERATE_INFOPLIST_FILE = YES;
				IPHONEOS_DEPLOYMENT_TARGET = 15.5;
				MARKETING_VERSION = 1.0;
				PRODUCT_BUNDLE_IDENTIFIER = "h.Tests-iOS";
				PRODUCT_NAME = "$(TARGET_NAME)";
				SDKROOT = iphoneos;
				SWIFT_EMIT_LOC_STRINGS = NO;
				SWIFT_VERSION = 5.0;
				TARGETED_DEVICE_FAMILY = "1,2";
				TEST_TARGET_NAME = "tic tac toe (iOS)";
			};
			name = Debug;
		};
		EB50F399285C773600B8EBFA /* Release */ = {
			isa = XCBuildConfiguration;
			buildSettings = {
				ALWAYS_EMBED_SWIFT_STANDARD_LIBRARIES = YES;
				CODE_SIGN_STYLE = Automatic;
				CURRENT_PROJECT_VERSION = 1;
				GENERATE_INFOPLIST_FILE = YES;
				IPHONEOS_DEPLOYMENT_TARGET = 15.5;
				MARKETING_VERSION = 1.0;
				PRODUCT_BUNDLE_IDENTIFIER = "h.Tests-iOS";
				PRODUCT_NAME = "$(TARGET_NAME)";
				SDKROOT = iphoneos;
				SWIFT_EMIT_LOC_STRINGS = NO;
				SWIFT_VERSION = 5.0;
				TARGETED_DEVICE_FAMILY = "1,2";
				TEST_TARGET_NAME = "tic tac toe (iOS)";
				VALIDATE_PRODUCT = YES;
			};
			name = Release;
		};
		EB50F39B285C773600B8EBFA /* Debug */ = {
			isa = XCBuildConfiguration;
			buildSettings = {
				ALWAYS_EMBED_SWIFT_STANDARD_LIBRARIES = YES;
				CODE_SIGN_STYLE = Automatic;
				CURRENT_PROJECT_VERSION = 1;
				GENERATE_INFOPLIST_FILE = YES;
				MACOSX_DEPLOYMENT_TARGET = 12.1;
				MARKETING_VERSION = 1.0;
				PRODUCT_BUNDLE_IDENTIFIER = "h.Tests-macOS";
				PRODUCT_NAME = "$(TARGET_NAME)";
				SDKROOT = macosx;
				SWIFT_EMIT_LOC_STRINGS = NO;
				SWIFT_VERSION = 5.0;
				TEST_TARGET_NAME = "tic tac toe (macOS)";
			};
			name = Debug;
		};
		EB50F39C285C773600B8EBFA /* Release */ = {
			isa = XCBuildConfiguration;
			buildSettings = {
				ALWAYS_EMBED_SWIFT_STANDARD_LIBRARIES = YES;
				CODE_SIGN_STYLE = Automatic;
				CURRENT_PROJECT_VERSION = 1;
				GENERATE_INFOPLIST_FILE = YES;
				MACOSX_DEPLOYMENT_TARGET = 12.1;
				MARKETING_VERSION = 1.0;
				PRODUCT_BUNDLE_IDENTIFIER = "h.Tests-macOS";
				PRODUCT_NAME = "$(TARGET_NAME)";
				SDKROOT = macosx;
				SWIFT_EMIT_LOC_STRINGS = NO;
				SWIFT_VERSION = 5.0;
				TEST_TARGET_NAME = "tic tac toe (macOS)";
			};
			name = Release;
		};
/* End XCBuildConfiguration section */

/* Begin XCConfigurationList section */
		EB50F35F285C773100B8EBFA /* Build configuration list for PBXProject "tic tac toe" */ = {
			isa = XCConfigurationList;
			buildConfigurations = (
				EB50F38F285C773600B8EBFA /* Debug */,
				EB50F390285C773600B8EBFA /* Release */,
			);
			defaultConfigurationIsVisible = 0;
			defaultConfigurationName = Release;
		};
		EB50F391285C773600B8EBFA /* Build configuration list for PBXNativeTarget "tic tac toe (iOS)" */ = {
			isa = XCConfigurationList;
			buildConfigurations = (
				EB50F392285C773600B8EBFA /* Debug */,
				EB50F393285C773600B8EBFA /* Release */,
			);
			defaultConfigurationIsVisible = 0;
			defaultConfigurationName = Release;
		};
		EB50F394285C773600B8EBFA /* Build configuration list for PBXNativeTarget "tic tac toe (macOS)" */ = {
			isa = XCConfigurationList;
			buildConfigurations = (
				EB50F395285C773600B8EBFA /* Debug */,
				EB50F396285C773600B8EBFA /* Release */,
			);
			defaultConfigurationIsVisible = 0;
			defaultConfigurationName = Release;
		};
		EB50F397285C773600B8EBFA /* Build configuration list for PBXNativeTarget "Tests iOS" */ = {
			isa = XCConfigurationList;
			buildConfigurations = (
				EB50F398285C773600B8EBFA /* Debug */,
				EB50F399285C773600B8EBFA /* Release */,
			);
			defaultConfigurationIsVisible = 0;
			defaultConfigurationName = Release;
		};
		EB50F39A285C773600B8EBFA /* Build configuration list for PBXNativeTarget "Tests macOS" */ = {
			isa = XCConfigurationList;
			buildConfigurations = (
				EB50F39B285C773600B8EBFA /* Debug */,
				EB50F39C285C773600B8EBFA /* Release */,
			);
			defaultConfigurationIsVisible = 0;
			defaultConfigurationName = Release;
		};
/* End XCConfigurationList section */
	};
	rootObject = EB50F35C285C773100B8EBFA /* Project object */;
}
