// !$*UTF8*$!
{
	archiveVersion = 1;
	classes = {
	};
	objectVersion = 55;
	objects = {

/* Begin PBXBuildFile section */
		EBF2970E286511120028091B /* Tests_iOS.swift in Sources */ = {isa = PBXBuildFile; fileRef = EBF2970D286511120028091B /* Tests_iOS.swift */; };
		EBF29710286511120028091B /* Tests_iOSLaunchTests.swift in Sources */ = {isa = PBXBuildFile; fileRef = EBF2970F286511120028091B /* Tests_iOSLaunchTests.swift */; };
		EBF2971A286511120028091B /* Tests_macOS.swift in Sources */ = {isa = PBXBuildFile; fileRef = EBF29719286511120028091B /* Tests_macOS.swift */; };
		EBF2971C286511120028091B /* Tests_macOSLaunchTests.swift in Sources */ = {isa = PBXBuildFile; fileRef = EBF2971B286511120028091B /* Tests_macOSLaunchTests.swift */; };
		EBF2971D286511120028091B /* slotsApp.swift in Sources */ = {isa = PBXBuildFile; fileRef = EBF296F52865110F0028091B /* slotsApp.swift */; };
		EBF2971E286511120028091B /* slotsApp.swift in Sources */ = {isa = PBXBuildFile; fileRef = EBF296F52865110F0028091B /* slotsApp.swift */; };
		EBF2971F286511120028091B /* ContentView.swift in Sources */ = {isa = PBXBuildFile; fileRef = EBF296F62865110F0028091B /* ContentView.swift */; };
		EBF29720286511120028091B /* ContentView.swift in Sources */ = {isa = PBXBuildFile; fileRef = EBF296F62865110F0028091B /* ContentView.swift */; };
		EBF29721286511120028091B /* Assets.xcassets in Resources */ = {isa = PBXBuildFile; fileRef = EBF296F7286511120028091B /* Assets.xcassets */; };
		EBF29722286511120028091B /* Assets.xcassets in Resources */ = {isa = PBXBuildFile; fileRef = EBF296F7286511120028091B /* Assets.xcassets */; };
/* End PBXBuildFile section */

/* Begin PBXContainerItemProxy section */
		EBF2970A286511120028091B /* PBXContainerItemProxy */ = {
			isa = PBXContainerItemProxy;
			containerPortal = EBF296F02865110F0028091B /* Project object */;
			proxyType = 1;
			remoteGlobalIDString = EBF296FB286511120028091B;
			remoteInfo = "slots (iOS)";
		};
		EBF29716286511120028091B /* PBXContainerItemProxy */ = {
			isa = PBXContainerItemProxy;
			containerPortal = EBF296F02865110F0028091B /* Project object */;
			proxyType = 1;
			remoteGlobalIDString = EBF29701286511120028091B;
			remoteInfo = "slots (macOS)";
		};
/* End PBXContainerItemProxy section */

/* Begin PBXFileReference section */
		EBF296F52865110F0028091B /* slotsApp.swift */ = {isa = PBXFileReference; lastKnownFileType = sourcecode.swift; path = slotsApp.swift; sourceTree = "<group>"; };
		EBF296F62865110F0028091B /* ContentView.swift */ = {isa = PBXFileReference; lastKnownFileType = sourcecode.swift; path = ContentView.swift; sourceTree = "<group>"; };
		EBF296F7286511120028091B /* Assets.xcassets */ = {isa = PBXFileReference; lastKnownFileType = folder.assetcatalog; path = Assets.xcassets; sourceTree = "<group>"; };
		EBF296FC286511120028091B /* slots.app */ = {isa = PBXFileReference; explicitFileType = wrapper.application; includeInIndex = 0; path = slots.app; sourceTree = BUILT_PRODUCTS_DIR; };
		EBF29702286511120028091B /* slots.app */ = {isa = PBXFileReference; explicitFileType = wrapper.application; includeInIndex = 0; path = slots.app; sourceTree = BUILT_PRODUCTS_DIR; };
		EBF29704286511120028091B /* macOS.entitlements */ = {isa = PBXFileReference; lastKnownFileType = text.plist.entitlements; path = macOS.entitlements; sourceTree = "<group>"; };
		EBF29709286511120028091B /* Tests iOS.xctest */ = {isa = PBXFileReference; explicitFileType = wrapper.cfbundle; includeInIndex = 0; path = "Tests iOS.xctest"; sourceTree = BUILT_PRODUCTS_DIR; };
		EBF2970D286511120028091B /* Tests_iOS.swift */ = {isa = PBXFileReference; lastKnownFileType = sourcecode.swift; path = Tests_iOS.swift; sourceTree = "<group>"; };
		EBF2970F286511120028091B /* Tests_iOSLaunchTests.swift */ = {isa = PBXFileReference; lastKnownFileType = sourcecode.swift; path = Tests_iOSLaunchTests.swift; sourceTree = "<group>"; };
		EBF29715286511120028091B /* Tests macOS.xctest */ = {isa = PBXFileReference; explicitFileType = wrapper.cfbundle; includeInIndex = 0; path = "Tests macOS.xctest"; sourceTree = BUILT_PRODUCTS_DIR; };
		EBF29719286511120028091B /* Tests_macOS.swift */ = {isa = PBXFileReference; lastKnownFileType = sourcecode.swift; path = Tests_macOS.swift; sourceTree = "<group>"; };
		EBF2971B286511120028091B /* Tests_macOSLaunchTests.swift */ = {isa = PBXFileReference; lastKnownFileType = sourcecode.swift; path = Tests_macOSLaunchTests.swift; sourceTree = "<group>"; };
/* End PBXFileReference section */

/* Begin PBXFrameworksBuildPhase section */
		EBF296F9286511120028091B /* Frameworks */ = {
			isa = PBXFrameworksBuildPhase;
			buildActionMask = 2147483647;
			files = (
			);
			runOnlyForDeploymentPostprocessing = 0;
		};
		EBF296FF286511120028091B /* Frameworks */ = {
			isa = PBXFrameworksBuildPhase;
			buildActionMask = 2147483647;
			files = (
			);
			runOnlyForDeploymentPostprocessing = 0;
		};
		EBF29706286511120028091B /* Frameworks */ = {
			isa = PBXFrameworksBuildPhase;
			buildActionMask = 2147483647;
			files = (
			);
			runOnlyForDeploymentPostprocessing = 0;
		};
		EBF29712286511120028091B /* Frameworks */ = {
			isa = PBXFrameworksBuildPhase;
			buildActionMask = 2147483647;
			files = (
			);
			runOnlyForDeploymentPostprocessing = 0;
		};
/* End PBXFrameworksBuildPhase section */

/* Begin PBXGroup section */
		EBF296EF2865110F0028091B = {
			isa = PBXGroup;
			children = (
				EBF296F42865110F0028091B /* Shared */,
				EBF29703286511120028091B /* macOS */,
				EBF2970C286511120028091B /* Tests iOS */,
				EBF29718286511120028091B /* Tests macOS */,
				EBF296FD286511120028091B /* Products */,
			);
			sourceTree = "<group>";
		};
		EBF296F42865110F0028091B /* Shared */ = {
			isa = PBXGroup;
			children = (
				EBF296F52865110F0028091B /* slotsApp.swift */,
				EBF296F62865110F0028091B /* ContentView.swift */,
				EBF296F7286511120028091B /* Assets.xcassets */,
			);
			path = Shared;
			sourceTree = "<group>";
		};
		EBF296FD286511120028091B /* Products */ = {
			isa = PBXGroup;
			children = (
				EBF296FC286511120028091B /* slots.app */,
				EBF29702286511120028091B /* slots.app */,
				EBF29709286511120028091B /* Tests iOS.xctest */,
				EBF29715286511120028091B /* Tests macOS.xctest */,
			);
			name = Products;
			sourceTree = "<group>";
		};
		EBF29703286511120028091B /* macOS */ = {
			isa = PBXGroup;
			children = (
				EBF29704286511120028091B /* macOS.entitlements */,
			);
			path = macOS;
			sourceTree = "<group>";
		};
		EBF2970C286511120028091B /* Tests iOS */ = {
			isa = PBXGroup;
			children = (
				EBF2970D286511120028091B /* Tests_iOS.swift */,
				EBF2970F286511120028091B /* Tests_iOSLaunchTests.swift */,
			);
			path = "Tests iOS";
			sourceTree = "<group>";
		};
		EBF29718286511120028091B /* Tests macOS */ = {
			isa = PBXGroup;
			children = (
				EBF29719286511120028091B /* Tests_macOS.swift */,
				EBF2971B286511120028091B /* Tests_macOSLaunchTests.swift */,
			);
			path = "Tests macOS";
			sourceTree = "<group>";
		};
/* End PBXGroup section */

/* Begin PBXNativeTarget section */
		EBF296FB286511120028091B /* slots (iOS) */ = {
			isa = PBXNativeTarget;
			buildConfigurationList = EBF29725286511120028091B /* Build configuration list for PBXNativeTarget "slots (iOS)" */;
			buildPhases = (
				EBF296F8286511120028091B /* Sources */,
				EBF296F9286511120028091B /* Frameworks */,
				EBF296FA286511120028091B /* Resources */,
			);
			buildRules = (
			);
			dependencies = (
			);
			name = "slots (iOS)";
			productName = "slots (iOS)";
			productReference = EBF296FC286511120028091B /* slots.app */;
			productType = "com.apple.product-type.application";
		};
		EBF29701286511120028091B /* slots (macOS) */ = {
			isa = PBXNativeTarget;
			buildConfigurationList = EBF29728286511120028091B /* Build configuration list for PBXNativeTarget "slots (macOS)" */;
			buildPhases = (
				EBF296FE286511120028091B /* Sources */,
				EBF296FF286511120028091B /* Frameworks */,
				EBF29700286511120028091B /* Resources */,
			);
			buildRules = (
			);
			dependencies = (
			);
			name = "slots (macOS)";
			productName = "slots (macOS)";
			productReference = EBF29702286511120028091B /* slots.app */;
			productType = "com.apple.product-type.application";
		};
		EBF29708286511120028091B /* Tests iOS */ = {
			isa = PBXNativeTarget;
			buildConfigurationList = EBF2972B286511120028091B /* Build configuration list for PBXNativeTarget "Tests iOS" */;
			buildPhases = (
				EBF29705286511120028091B /* Sources */,
				EBF29706286511120028091B /* Frameworks */,
				EBF29707286511120028091B /* Resources */,
			);
			buildRules = (
			);
			dependencies = (
				EBF2970B286511120028091B /* PBXTargetDependency */,
			);
			name = "Tests iOS";
			productName = "Tests iOS";
			productReference = EBF29709286511120028091B /* Tests iOS.xctest */;
			productType = "com.apple.product-type.bundle.ui-testing";
		};
		EBF29714286511120028091B /* Tests macOS */ = {
			isa = PBXNativeTarget;
			buildConfigurationList = EBF2972E286511120028091B /* Build configuration list for PBXNativeTarget "Tests macOS" */;
			buildPhases = (
				EBF29711286511120028091B /* Sources */,
				EBF29712286511120028091B /* Frameworks */,
				EBF29713286511120028091B /* Resources */,
			);
			buildRules = (
			);
			dependencies = (
				EBF29717286511120028091B /* PBXTargetDependency */,
			);
			name = "Tests macOS";
			productName = "Tests macOS";
			productReference = EBF29715286511120028091B /* Tests macOS.xctest */;
			productType = "com.apple.product-type.bundle.ui-testing";
		};
/* End PBXNativeTarget section */

/* Begin PBXProject section */
		EBF296F02865110F0028091B /* Project object */ = {
			isa = PBXProject;
			attributes = {
				BuildIndependentTargetsInParallel = 1;
				LastSwiftUpdateCheck = 1340;
				LastUpgradeCheck = 1340;
				TargetAttributes = {
					EBF296FB286511120028091B = {
						CreatedOnToolsVersion = 13.4.1;
					};
					EBF29701286511120028091B = {
						CreatedOnToolsVersion = 13.4.1;
					};
					EBF29708286511120028091B = {
						CreatedOnToolsVersion = 13.4.1;
						TestTargetID = EBF296FB286511120028091B;
					};
					EBF29714286511120028091B = {
						CreatedOnToolsVersion = 13.4.1;
						TestTargetID = EBF29701286511120028091B;
					};
				};
			};
			buildConfigurationList = EBF296F32865110F0028091B /* Build configuration list for PBXProject "slots" */;
			compatibilityVersion = "Xcode 13.0";
			developmentRegion = en;
			hasScannedForEncodings = 0;
			knownRegions = (
				en,
				Base,
			);
			mainGroup = EBF296EF2865110F0028091B;
			productRefGroup = EBF296FD286511120028091B /* Products */;
			projectDirPath = "";
			projectRoot = "";
			targets = (
				EBF296FB286511120028091B /* slots (iOS) */,
				EBF29701286511120028091B /* slots (macOS) */,
				EBF29708286511120028091B /* Tests iOS */,
				EBF29714286511120028091B /* Tests macOS */,
			);
		};
/* End PBXProject section */

/* Begin PBXResourcesBuildPhase section */
		EBF296FA286511120028091B /* Resources */ = {
			isa = PBXResourcesBuildPhase;
			buildActionMask = 2147483647;
			files = (
				EBF29721286511120028091B /* Assets.xcassets in Resources */,
			);
			runOnlyForDeploymentPostprocessing = 0;
		};
		EBF29700286511120028091B /* Resources */ = {
			isa = PBXResourcesBuildPhase;
			buildActionMask = 2147483647;
			files = (
				EBF29722286511120028091B /* Assets.xcassets in Resources */,
			);
			runOnlyForDeploymentPostprocessing = 0;
		};
		EBF29707286511120028091B /* Resources */ = {
			isa = PBXResourcesBuildPhase;
			buildActionMask = 2147483647;
			files = (
			);
			runOnlyForDeploymentPostprocessing = 0;
		};
		EBF29713286511120028091B /* Resources */ = {
			isa = PBXResourcesBuildPhase;
			buildActionMask = 2147483647;
			files = (
			);
			runOnlyForDeploymentPostprocessing = 0;
		};
/* End PBXResourcesBuildPhase section */

/* Begin PBXSourcesBuildPhase section */
		EBF296F8286511120028091B /* Sources */ = {
			isa = PBXSourcesBuildPhase;
			buildActionMask = 2147483647;
			files = (
				EBF2971F286511120028091B /* ContentView.swift in Sources */,
				EBF2971D286511120028091B /* slotsApp.swift in Sources */,
			);
			runOnlyForDeploymentPostprocessing = 0;
		};
		EBF296FE286511120028091B /* Sources */ = {
			isa = PBXSourcesBuildPhase;
			buildActionMask = 2147483647;
			files = (
				EBF29720286511120028091B /* ContentView.swift in Sources */,
				EBF2971E286511120028091B /* slotsApp.swift in Sources */,
			);
			runOnlyForDeploymentPostprocessing = 0;
		};
		EBF29705286511120028091B /* Sources */ = {
			isa = PBXSourcesBuildPhase;
			buildActionMask = 2147483647;
			files = (
				EBF29710286511120028091B /* Tests_iOSLaunchTests.swift in Sources */,
				EBF2970E286511120028091B /* Tests_iOS.swift in Sources */,
			);
			runOnlyForDeploymentPostprocessing = 0;
		};
		EBF29711286511120028091B /* Sources */ = {
			isa = PBXSourcesBuildPhase;
			buildActionMask = 2147483647;
			files = (
				EBF2971C286511120028091B /* Tests_macOSLaunchTests.swift in Sources */,
				EBF2971A286511120028091B /* Tests_macOS.swift in Sources */,
			);
			runOnlyForDeploymentPostprocessing = 0;
		};
/* End PBXSourcesBuildPhase section */

/* Begin PBXTargetDependency section */
		EBF2970B286511120028091B /* PBXTargetDependency */ = {
			isa = PBXTargetDependency;
			target = EBF296FB286511120028091B /* slots (iOS) */;
			targetProxy = EBF2970A286511120028091B /* PBXContainerItemProxy */;
		};
		EBF29717286511120028091B /* PBXTargetDependency */ = {
			isa = PBXTargetDependency;
			target = EBF29701286511120028091B /* slots (macOS) */;
			targetProxy = EBF29716286511120028091B /* PBXContainerItemProxy */;
		};
/* End PBXTargetDependency section */

/* Begin XCBuildConfiguration section */
		EBF29723286511120028091B /* Debug */ = {
			isa = XCBuildConfiguration;
			buildSettings = {
				ALWAYS_SEARCH_USER_PATHS = NO;
				CLANG_ANALYZER_NONNULL = YES;
				CLANG_ANALYZER_NUMBER_OBJECT_CONVERSION = YES_AGGRESSIVE;
				CLANG_CXX_LANGUAGE_STANDARD = "gnu++17";
				CLANG_ENABLE_MODULES = YES;
				CLANG_ENABLE_OBJC_ARC = YES;
				CLANG_ENABLE_OBJC_WEAK = YES;
				CLANG_WARN_BLOCK_CAPTURE_AUTORELEASING = YES;
				CLANG_WARN_BOOL_CONVERSION = YES;
				CLANG_WARN_COMMA = YES;
				CLANG_WARN_CONSTANT_CONVERSION = YES;
				CLANG_WARN_DEPRECATED_OBJC_IMPLEMENTATIONS = YES;
				CLANG_WARN_DIRECT_OBJC_ISA_USAGE = YES_ERROR;
				CLANG_WARN_DOCUMENTATION_COMMENTS = YES;
				CLANG_WARN_EMPTY_BODY = YES;
				CLANG_WARN_ENUM_CONVERSION = YES;
				CLANG_WARN_INFINITE_RECURSION = YES;
				CLANG_WARN_INT_CONVERSION = YES;
				CLANG_WARN_NON_LITERAL_NULL_CONVERSION = YES;
				CLANG_WARN_OBJC_IMPLICIT_RETAIN_SELF = YES;
				CLANG_WARN_OBJC_LITERAL_CONVERSION = YES;
				CLANG_WARN_OBJC_ROOT_CLASS = YES_ERROR;
				CLANG_WARN_QUOTED_INCLUDE_IN_FRAMEWORK_HEADER = YES;
				CLANG_WARN_RANGE_LOOP_ANALYSIS = YES;
				CLANG_WARN_STRICT_PROTOTYPES = YES;
				CLANG_WARN_SUSPICIOUS_MOVE = YES;
				CLANG_WARN_UNGUARDED_AVAILABILITY = YES_AGGRESSIVE;
				CLANG_WARN_UNREACHABLE_CODE = YES;
				CLANG_WARN__DUPLICATE_METHOD_MATCH = YES;
				COPY_PHASE_STRIP = NO;
				DEBUG_INFORMATION_FORMAT = dwarf;
				ENABLE_STRICT_OBJC_MSGSEND = YES;
				ENABLE_TESTABILITY = YES;
				GCC_C_LANGUAGE_STANDARD = gnu11;
				GCC_DYNAMIC_NO_PIC = NO;
				GCC_NO_COMMON_BLOCKS = YES;
				GCC_OPTIMIZATION_LEVEL = 0;
				GCC_PREPROCESSOR_DEFINITIONS = (
					"DEBUG=1",
					"$(inherited)",
				);
				GCC_WARN_64_TO_32_BIT_CONVERSION = YES;
				GCC_WARN_ABOUT_RETURN_TYPE = YES_ERROR;
				GCC_WARN_UNDECLARED_SELECTOR = YES;
				GCC_WARN_UNINITIALIZED_AUTOS = YES_AGGRESSIVE;
				GCC_WARN_UNUSED_FUNCTION = YES;
				GCC_WARN_UNUSED_VARIABLE = YES;
				MTL_ENABLE_DEBUG_INFO = INCLUDE_SOURCE;
				MTL_FAST_MATH = YES;
				ONLY_ACTIVE_ARCH = YES;
				SWIFT_ACTIVE_COMPILATION_CONDITIONS = DEBUG;
				SWIFT_OPTIMIZATION_LEVEL = "-Onone";
			};
			name = Debug;
		};
		EBF29724286511120028091B /* Release */ = {
			isa = XCBuildConfiguration;
			buildSettings = {
				ALWAYS_SEARCH_USER_PATHS = NO;
				CLANG_ANALYZER_NONNULL = YES;
				CLANG_ANALYZER_NUMBER_OBJECT_CONVERSION = YES_AGGRESSIVE;
				CLANG_CXX_LANGUAGE_STANDARD = "gnu++17";
				CLANG_ENABLE_MODULES = YES;
				CLANG_ENABLE_OBJC_ARC = YES;
				CLANG_ENABLE_OBJC_WEAK = YES;
				CLANG_WARN_BLOCK_CAPTURE_AUTORELEASING = YES;
				CLANG_WARN_BOOL_CONVERSION = YES;
				CLANG_WARN_COMMA = YES;
				CLANG_WARN_CONSTANT_CONVERSION = YES;
				CLANG_WARN_DEPRECATED_OBJC_IMPLEMENTATIONS = YES;
				CLANG_WARN_DIRECT_OBJC_ISA_USAGE = YES_ERROR;
				CLANG_WARN_DOCUMENTATION_COMMENTS = YES;
				CLANG_WARN_EMPTY_BODY = YES;
				CLANG_WARN_ENUM_CONVERSION = YES;
				CLANG_WARN_INFINITE_RECURSION = YES;
				CLANG_WARN_INT_CONVERSION = YES;
				CLANG_WARN_NON_LITERAL_NULL_CONVERSION = YES;
				CLANG_WARN_OBJC_IMPLICIT_RETAIN_SELF = YES;
				CLANG_WARN_OBJC_LITERAL_CONVERSION = YES;
				CLANG_WARN_OBJC_ROOT_CLASS = YES_ERROR;
				CLANG_WARN_QUOTED_INCLUDE_IN_FRAMEWORK_HEADER = YES;
				CLANG_WARN_RANGE_LOOP_ANALYSIS = YES;
				CLANG_WARN_STRICT_PROTOTYPES = YES;
				CLANG_WARN_SUSPICIOUS_MOVE = YES;
				CLANG_WARN_UNGUARDED_AVAILABILITY = YES_AGGRESSIVE;
				CLANG_WARN_UNREACHABLE_CODE = YES;
				CLANG_WARN__DUPLICATE_METHOD_MATCH = YES;
				COPY_PHASE_STRIP = NO;
				DEBUG_INFORMATION_FORMAT = "dwarf-with-dsym";
				ENABLE_NS_ASSERTIONS = NO;
				ENABLE_STRICT_OBJC_MSGSEND = YES;
				GCC_C_LANGUAGE_STANDARD = gnu11;
				GCC_NO_COMMON_BLOCKS = YES;
				GCC_WARN_64_TO_32_BIT_CONVERSION = YES;
				GCC_WARN_ABOUT_RETURN_TYPE = YES_ERROR;
				GCC_WARN_UNDECLARED_SELECTOR = YES;
				GCC_WARN_UNINITIALIZED_AUTOS = YES_AGGRESSIVE;
				GCC_WARN_UNUSED_FUNCTION = YES;
				GCC_WARN_UNUSED_VARIABLE = YES;
				MTL_ENABLE_DEBUG_INFO = NO;
				MTL_FAST_MATH = YES;
				SWIFT_COMPILATION_MODE = wholemodule;
				SWIFT_OPTIMIZATION_LEVEL = "-O";
			};
			name = Release;
		};
		EBF29726286511120028091B /* Debug */ = {
			isa = XCBuildConfiguration;
			buildSettings = {
				ASSETCATALOG_COMPILER_APPICON_NAME = AppIcon;
				ASSETCATALOG_COMPILER_GLOBAL_ACCENT_COLOR_NAME = AccentColor;
				CODE_SIGN_STYLE = Automatic;
				CURRENT_PROJECT_VERSION = 1;
				ENABLE_PREVIEWS = YES;
				GENERATE_INFOPLIST_FILE = YES;
				INFOPLIST_KEY_UIApplicationSceneManifest_Generation = YES;
				INFOPLIST_KEY_UIApplicationSupportsIndirectInputEvents = YES;
				INFOPLIST_KEY_UILaunchScreen_Generation = YES;
				INFOPLIST_KEY_UISupportedInterfaceOrientations_iPad = "UIInterfaceOrientationPortrait UIInterfaceOrientationPortraitUpsideDown UIInterfaceOrientationLandscapeLeft UIInterfaceOrientationLandscapeRight";
				INFOPLIST_KEY_UISupportedInterfaceOrientations_iPhone = "UIInterfaceOrientationPortrait UIInterfaceOrientationLandscapeLeft UIInterfaceOrientationLandscapeRight";
				IPHONEOS_DEPLOYMENT_TARGET = 15.5;
				LD_RUNPATH_SEARCH_PATHS = (
					"$(inherited)",
					"@executable_path/Frameworks",
				);
				MARKETING_VERSION = 1.0;
				PRODUCT_BUNDLE_IDENTIFIER = h.slots;
				PRODUCT_NAME = slots;
				SDKROOT = iphoneos;
				SWIFT_EMIT_LOC_STRINGS = YES;
				SWIFT_VERSION = 5.0;
				TARGETED_DEVICE_FAMILY = "1,2";
			};
			name = Debug;
		};
		EBF29727286511120028091B /* Release */ = {
			isa = XCBuildConfiguration;
			buildSettings = {
				ASSETCATALOG_COMPILER_APPICON_NAME = AppIcon;
				ASSETCATALOG_COMPILER_GLOBAL_ACCENT_COLOR_NAME = AccentColor;
				CODE_SIGN_STYLE = Automatic;
				CURRENT_PROJECT_VERSION = 1;
				ENABLE_PREVIEWS = YES;
				GENERATE_INFOPLIST_FILE = YES;
				INFOPLIST_KEY_UIApplicationSceneManifest_Generation = YES;
				INFOPLIST_KEY_UIApplicationSupportsIndirectInputEvents = YES;
				INFOPLIST_KEY_UILaunchScreen_Generation = YES;
				INFOPLIST_KEY_UISupportedInterfaceOrientations_iPad = "UIInterfaceOrientationPortrait UIInterfaceOrientationPortraitUpsideDown UIInterfaceOrientationLandscapeLeft UIInterfaceOrientationLandscapeRight";
				INFOPLIST_KEY_UISupportedInterfaceOrientations_iPhone = "UIInterfaceOrientationPortrait UIInterfaceOrientationLandscapeLeft UIInterfaceOrientationLandscapeRight";
				IPHONEOS_DEPLOYMENT_TARGET = 15.5;
				LD_RUNPATH_SEARCH_PATHS = (
					"$(inherited)",
					"@executable_path/Frameworks",
				);
				MARKETING_VERSION = 1.0;
				PRODUCT_BUNDLE_IDENTIFIER = h.slots;
				PRODUCT_NAME = slots;
				SDKROOT = iphoneos;
				SWIFT_EMIT_LOC_STRINGS = YES;
				SWIFT_VERSION = 5.0;
				TARGETED_DEVICE_FAMILY = "1,2";
				VALIDATE_PRODUCT = YES;
			};
			name = Release;
		};
		EBF29729286511120028091B /* Debug */ = {
			isa = XCBuildConfiguration;
			buildSettings = {
				ASSETCATALOG_COMPILER_APPICON_NAME = AppIcon;
				ASSETCATALOG_COMPILER_GLOBAL_ACCENT_COLOR_NAME = AccentColor;
				CODE_SIGN_ENTITLEMENTS = macOS/macOS.entitlements;
				CODE_SIGN_STYLE = Automatic;
				COMBINE_HIDPI_IMAGES = YES;
				CURRENT_PROJECT_VERSION = 1;
				ENABLE_PREVIEWS = YES;
				GENERATE_INFOPLIST_FILE = YES;
				INFOPLIST_KEY_NSHumanReadableCopyright = "";
				LD_RUNPATH_SEARCH_PATHS = (
					"$(inherited)",
					"@executable_path/../Frameworks",
				);
				MACOSX_DEPLOYMENT_TARGET = 12.1;
				MARKETING_VERSION = 1.0;
				PRODUCT_BUNDLE_IDENTIFIER = h.slots;
				PRODUCT_NAME = slots;
				SDKROOT = macosx;
				SWIFT_EMIT_LOC_STRINGS = YES;
				SWIFT_VERSION = 5.0;
			};
			name = Debug;
		};
		EBF2972A286511120028091B /* Release */ = {
			isa = XCBuildConfiguration;
			buildSettings = {
				ASSETCATALOG_COMPILER_APPICON_NAME = AppIcon;
				ASSETCATALOG_COMPILER_GLOBAL_ACCENT_COLOR_NAME = AccentColor;
				CODE_SIGN_ENTITLEMENTS = macOS/macOS.entitlements;
				CODE_SIGN_STYLE = Automatic;
				COMBINE_HIDPI_IMAGES = YES;
				CURRENT_PROJECT_VERSION = 1;
				ENABLE_PREVIEWS = YES;
				GENERATE_INFOPLIST_FILE = YES;
				INFOPLIST_KEY_NSHumanReadableCopyright = "";
				LD_RUNPATH_SEARCH_PATHS = (
					"$(inherited)",
					"@executable_path/../Frameworks",
				);
				MACOSX_DEPLOYMENT_TARGET = 12.1;
				MARKETING_VERSION = 1.0;
				PRODUCT_BUNDLE_IDENTIFIER = h.slots;
				PRODUCT_NAME = slots;
				SDKROOT = macosx;
				SWIFT_EMIT_LOC_STRINGS = YES;
				SWIFT_VERSION = 5.0;
			};
			name = Release;
		};
		EBF2972C286511120028091B /* Debug */ = {
			isa = XCBuildConfiguration;
			buildSettings = {
				ALWAYS_EMBED_SWIFT_STANDARD_LIBRARIES = YES;
				CODE_SIGN_STYLE = Automatic;
				CURRENT_PROJECT_VERSION = 1;
				GENERATE_INFOPLIST_FILE = YES;
				IPHONEOS_DEPLOYMENT_TARGET = 15.5;
				MARKETING_VERSION = 1.0;
				PRODUCT_BUNDLE_IDENTIFIER = "h.Tests-iOS";
				PRODUCT_NAME = "$(TARGET_NAME)";
				SDKROOT = iphoneos;
				SWIFT_EMIT_LOC_STRINGS = NO;
				SWIFT_VERSION = 5.0;
				TARGETED_DEVICE_FAMILY = "1,2";
				TEST_TARGET_NAME = "slots (iOS)";
			};
			name = Debug;
		};
		EBF2972D286511120028091B /* Release */ = {
			isa = XCBuildConfiguration;
			buildSettings = {
				ALWAYS_EMBED_SWIFT_STANDARD_LIBRARIES = YES;
				CODE_SIGN_STYLE = Automatic;
				CURRENT_PROJECT_VERSION = 1;
				GENERATE_INFOPLIST_FILE = YES;
				IPHONEOS_DEPLOYMENT_TARGET = 15.5;
				MARKETING_VERSION = 1.0;
				PRODUCT_BUNDLE_IDENTIFIER = "h.Tests-iOS";
				PRODUCT_NAME = "$(TARGET_NAME)";
				SDKROOT = iphoneos;
				SWIFT_EMIT_LOC_STRINGS = NO;
				SWIFT_VERSION = 5.0;
				TARGETED_DEVICE_FAMILY = "1,2";
				TEST_TARGET_NAME = "slots (iOS)";
				VALIDATE_PRODUCT = YES;
			};
			name = Release;
		};
		EBF2972F286511120028091B /* Debug */ = {
			isa = XCBuildConfiguration;
			buildSettings = {
				ALWAYS_EMBED_SWIFT_STANDARD_LIBRARIES = YES;
				CODE_SIGN_STYLE = Automatic;
				CURRENT_PROJECT_VERSION = 1;
				GENERATE_INFOPLIST_FILE = YES;
				MACOSX_DEPLOYMENT_TARGET = 12.1;
				MARKETING_VERSION = 1.0;
				PRODUCT_BUNDLE_IDENTIFIER = "h.Tests-macOS";
				PRODUCT_NAME = "$(TARGET_NAME)";
				SDKROOT = macosx;
				SWIFT_EMIT_LOC_STRINGS = NO;
				SWIFT_VERSION = 5.0;
				TEST_TARGET_NAME = "slots (macOS)";
			};
			name = Debug;
		};
		EBF29730286511120028091B /* Release */ = {
			isa = XCBuildConfiguration;
			buildSettings = {
				ALWAYS_EMBED_SWIFT_STANDARD_LIBRARIES = YES;
				CODE_SIGN_STYLE = Automatic;
				CURRENT_PROJECT_VERSION = 1;
				GENERATE_INFOPLIST_FILE = YES;
				MACOSX_DEPLOYMENT_TARGET = 12.1;
				MARKETING_VERSION = 1.0;
				PRODUCT_BUNDLE_IDENTIFIER = "h.Tests-macOS";
				PRODUCT_NAME = "$(TARGET_NAME)";
				SDKROOT = macosx;
				SWIFT_EMIT_LOC_STRINGS = NO;
				SWIFT_VERSION = 5.0;
				TEST_TARGET_NAME = "slots (macOS)";
			};
			name = Release;
		};
/* End XCBuildConfiguration section */

/* Begin XCConfigurationList section */
		EBF296F32865110F0028091B /* Build configuration list for PBXProject "slots" */ = {
			isa = XCConfigurationList;
			buildConfigurations = (
				EBF29723286511120028091B /* Debug */,
				EBF29724286511120028091B /* Release */,
			);
			defaultConfigurationIsVisible = 0;
			defaultConfigurationName = Release;
		};
		EBF29725286511120028091B /* Build configuration list for PBXNativeTarget "slots (iOS)" */ = {
			isa = XCConfigurationList;
			buildConfigurations = (
				EBF29726286511120028091B /* Debug */,
				EBF29727286511120028091B /* Release */,
			);
			defaultConfigurationIsVisible = 0;
			defaultConfigurationName = Release;
		};
		EBF29728286511120028091B /* Build configuration list for PBXNativeTarget "slots (macOS)" */ = {
			isa = XCConfigurationList;
			buildConfigurations = (
				EBF29729286511120028091B /* Debug */,
				EBF2972A286511120028091B /* Release */,
			);
			defaultConfigurationIsVisible = 0;
			defaultConfigurationName = Release;
		};
		EBF2972B286511120028091B /* Build configuration list for PBXNativeTarget "Tests iOS" */ = {
			isa = XCConfigurationList;
			buildConfigurations = (
				EBF2972C286511120028091B /* Debug */,
				EBF2972D286511120028091B /* Release */,
			);
			defaultConfigurationIsVisible = 0;
			defaultConfigurationName = Release;
		};
		EBF2972E286511120028091B /* Build configuration list for PBXNativeTarget "Tests macOS" */ = {
			isa = XCConfigurationList;
			buildConfigurations = (
				EBF2972F286511120028091B /* Debug */,
				EBF29730286511120028091B /* Release */,
			);
			defaultConfigurationIsVisible = 0;
			defaultConfigurationName = Release;
		};
/* End XCConfigurationList section */
	};
	rootObject = EBF296F02865110F0028091B /* Project object */;
}
